{
  "version": 4,
  "terraform_version": "1.3.3",
  "serial": 169,
  "lineage": "591c7417-2d89-ee7a-97fe-90793ddc5359",
  "outputs": {
    "kubernete_service_account_meshfed_service": {
      "value": {
        "automount_service_account_token": true,
        "default_secret_name": "meshfed-service-token-r7b9k",
        "id": "meshcloud/meshfed-service",
        "image_pull_secret": [],
        "metadata": [
          {
            "annotations": {
              "io.meshcloud/meshstack.replicator-kubernetes.version": "1.0"
            },
            "generate_name": "",
            "generation": 0,
            "labels": {},
            "name": "meshfed-service",
            "namespace": "meshcloud",
            "resource_version": "101438",
            "uid": "f9e737d2-7c7a-4a60-b1bb-5513b83e03ee"
          }
        ],
        "secret": [
          {
            "name": "meshfed-service"
          }
        ],
        "timeouts": null
      },
      "type": [
        "object",
        {
          "automount_service_account_token": "bool",
          "default_secret_name": "string",
          "id": "string",
          "image_pull_secret": [
            "set",
            [
              "object",
              {
                "name": "string"
              }
            ]
          ],
          "metadata": [
            "list",
            [
              "object",
              {
                "annotations": [
                  "map",
                  "string"
                ],
                "generate_name": "string",
                "generation": "number",
                "labels": [
                  "map",
                  "string"
                ],
                "name": "string",
                "namespace": "string",
                "resource_version": "string",
                "uid": "string"
              }
            ]
          ],
          "secret": [
            "set",
            [
              "object",
              {
                "name": "string"
              }
            ]
          ],
          "timeouts": [
            "object",
            {
              "create": "string"
            }
          ]
        }
      ]
    },
    "meshfed_service_token": {
      "value": {
        "binary_data": null,
        "data": null,
        "id": null,
        "immutable": null,
        "metadata": null,
        "type": null
      },
      "type": [
        "object",
        {
          "binary_data": [
            "map",
            "string"
          ],
          "data": [
            "map",
            "string"
          ],
          "id": "string",
          "immutable": "bool",
          "metadata": [
            "list",
            [
              "object",
              {
                "annotations": [
                  "map",
                  "string"
                ],
                "generation": "number",
                "labels": [
                  "map",
                  "string"
                ],
                "name": "string",
                "namespace": "string",
                "resource_version": "string",
                "uid": "string"
              }
            ]
          ],
          "type": "string"
        }
      ],
      "sensitive": true
    }
  },
  "resources": [
    {
      "mode": "data",
      "type": "kubernetes_secret",
      "name": "meshfed_service_secret",
      "provider": "provider[\"registry.terraform.io/hashicorp/kubernetes\"]",
      "instances": [
        {
          "schema_version": 0,
          "attributes": {
            "binary_data": null,
            "data": null,
            "id": null,
            "immutable": null,
            "metadata": null,
            "type": null
          },
          "sensitive_attributes": []
        }
      ]
    },
    {
      "mode": "data",
      "type": "kubernetes_service_account",
      "name": "meshfed_service",
      "provider": "provider[\"registry.terraform.io/hashicorp/kubernetes\"]",
      "instances": [
        {
          "schema_version": 0,
          "attributes": {
            "automount_service_account_token": true,
            "default_secret_name": "meshfed-service-token-r7b9k",
            "id": "meshcloud/meshfed-service",
            "image_pull_secret": [],
            "metadata": [
              {
                "annotations": {
                  "io.meshcloud/meshstack.replicator-kubernetes.version": "1.0"
                },
                "generation": 0,
                "labels": {},
                "name": "meshfed-service",
                "namespace": "meshcloud",
                "resource_version": "101438",
                "uid": "f9e737d2-7c7a-4a60-b1bb-5513b83e03ee"
              }
            ],
            "secret": [
              {
                "name": "meshfed-service"
              }
            ]
          },
          "sensitive_attributes": []
        }
      ]
    },
    {
      "mode": "managed",
      "type": "kubernetes_cluster_role",
      "name": "meshfed-metering",
      "provider": "provider[\"registry.terraform.io/hashicorp/kubernetes\"]",
      "instances": [
        {
          "schema_version": 0,
          "attributes": {
            "aggregation_rule": [],
            "id": "meshfed-metering",
            "metadata": [
              {
                "annotations": {
                  "io.meshcloud/meshstack.metering-kubernetes.version": "1.0"
                },
                "generation": 0,
                "labels": {},
                "name": "meshfed-metering",
                "resource_version": "11663",
                "uid": "ed5bdf1d-72e5-4fc6-844b-2b98e213ec9c"
              }
            ],
            "rule": [
              {
                "api_groups": [
                  ""
                ],
                "non_resource_urls": [],
                "resource_names": [],
                "resources": [
                  "pods",
                  "persistentvolumeclaims"
                ],
                "verbs": [
                  "get",
                  "list"
                ]
              }
            ]
          },
          "sensitive_attributes": [],
          "private": "bnVsbA=="
        }
      ]
    },
    {
      "mode": "managed",
      "type": "kubernetes_cluster_role",
      "name": "meshfed-service",
      "provider": "provider[\"registry.terraform.io/hashicorp/kubernetes\"]",
      "instances": [
        {
          "schema_version": 0,
          "attributes": {
            "aggregation_rule": [],
            "id": "meshfed-service",
            "metadata": [
              {
                "annotations": {
                  "io.meshcloud/meshstack.replicator-kubernetes.version": "1.0"
                },
                "generation": 0,
                "labels": {},
                "name": "meshfed-service",
                "resource_version": "17461",
                "uid": "44d5354e-3a81-4999-9594-a01d2a1e23bd"
              }
            ],
            "rule": [
              {
                "api_groups": [
                  ""
                ],
                "non_resource_urls": [],
                "resource_names": [],
                "resources": [
                  "namespaces"
                ],
                "verbs": [
                  "get",
                  "list",
                  "watch",
                  "create",
                  "delete",
                  "update"
                ]
              },
              {
                "api_groups": [
                  ""
                ],
                "non_resource_urls": [],
                "resource_names": [],
                "resources": [
                  "resourcequotas",
                  "resourcequotas/status"
                ],
                "verbs": [
                  "get",
                  "list",
                  "watch",
                  "create",
                  "delete",
                  "deletecollection",
                  "patch",
                  "update"
                ]
              },
              {
                "api_groups": [
                  ""
                ],
                "non_resource_urls": [],
                "resource_names": [],
                "resources": [
                  "appliedclusterresourcequotas",
                  "clusterresourcequotas",
                  "clusterresourcequotas/status"
                ],
                "verbs": [
                  "get",
                  "list",
                  "watch",
                  "create",
                  "delete",
                  "deletecollection",
                  "patch",
                  "update"
                ]
              },
              {
                "api_groups": [
                  "",
                  "rbac.authorization.k8s.io"
                ],
                "non_resource_urls": [],
                "resource_names": [],
                "resources": [
                  "roles",
                  "rolebindings",
                  "clusterroles",
                  "clusterrolebindings"
                ],
                "verbs": [
                  "get",
                  "list",
                  "watch"
                ]
              },
              {
                "api_groups": [
                  "",
                  "rbac.authorization.k8s.io"
                ],
                "non_resource_urls": [],
                "resource_names": [],
                "resources": [
                  "rolebindings"
                ],
                "verbs": [
                  "create",
                  "delete",
                  "update"
                ]
              },
              {
                "api_groups": [
                  "",
                  "rbac.authorization.k8s.io"
                ],
                "non_resource_urls": [],
                "resource_names": [
                  "admin",
                  "edit",
                  "view"
                ],
                "resources": [
                  "clusterroles"
                ],
                "verbs": [
                  "bind"
                ]
              }
            ]
          },
          "sensitive_attributes": [],
          "private": "bnVsbA=="
        }
      ]
    },
    {
      "mode": "managed",
      "type": "kubernetes_namespace",
      "name": "meshcloud",
      "provider": "provider[\"registry.terraform.io/hashicorp/kubernetes\"]",
      "instances": [
        {
          "schema_version": 0,
          "attributes": {
            "id": "meshcloud",
            "metadata": [
              {
                "annotations": {},
                "generate_name": "",
                "generation": 0,
                "labels": {},
                "name": "meshcloud",
                "resource_version": "11664",
                "uid": "4cdb2d9a-c2cd-426f-bfd5-03c48c29a236"
              }
            ],
            "timeouts": null
          },
          "sensitive_attributes": [],
          "private": "eyJlMmJmYjczMC1lY2FhLTExZTYtOGY4OC0zNDM2M2JjN2M0YzAiOnsiZGVsZXRlIjozMDAwMDAwMDAwMDB9fQ=="
        }
      ]
    },
    {
      "mode": "managed",
      "type": "kubernetes_secret",
      "name": "meshfed_metering_secret",
      "provider": "provider[\"registry.terraform.io/hashicorp/kubernetes\"]",
      "instances": [
        {
          "schema_version": 0,
          "attributes": {
            "binary_data": null,
            "data": {},
            "id": "default/meshfed-metering",
            "immutable": false,
            "metadata": [
              {
                "annotations": {},
                "generate_name": "",
                "generation": 0,
                "labels": {},
                "name": "meshfed-metering",
                "namespace": "default",
                "resource_version": "101434",
                "uid": "8f7f7d5a-1ae4-47dc-a18d-d56815845acc"
              }
            ],
            "timeouts": null,
            "type": "Opaque",
            "wait_for_service_account_token": true
          },
          "sensitive_attributes": [],
          "private": "eyJlMmJmYjczMC1lY2FhLTExZTYtOGY4OC0zNDM2M2JjN2M0YzAiOnsiY3JlYXRlIjo2MDAwMDAwMDAwMH19"
        }
      ]
    },
    {
      "mode": "managed",
      "type": "kubernetes_secret",
      "name": "meshfed_service_secret",
      "provider": "provider[\"registry.terraform.io/hashicorp/kubernetes\"]",
      "instances": [
        {
          "schema_version": 0,
          "attributes": {
            "binary_data": null,
            "data": {},
            "id": "default/meshfed-service",
            "immutable": false,
            "metadata": [
              {
                "annotations": {},
                "generate_name": "",
                "generation": 0,
                "labels": {},
                "name": "meshfed-service",
                "namespace": "default",
                "resource_version": "101435",
                "uid": "7cee23d7-1743-4b8d-9c2a-0bb0b1b2fb5a"
              }
            ],
            "timeouts": null,
            "type": "Opaque",
            "wait_for_service_account_token": true
          },
          "sensitive_attributes": [],
          "private": "eyJlMmJmYjczMC1lY2FhLTExZTYtOGY4OC0zNDM2M2JjN2M0YzAiOnsiY3JlYXRlIjo2MDAwMDAwMDAwMH19"
        }
      ]
    },
    {
      "mode": "managed",
      "type": "kubernetes_service_account",
      "name": "meshfed_metering",
      "provider": "provider[\"registry.terraform.io/hashicorp/kubernetes\"]",
      "instances": [
        {
          "schema_version": 0,
          "attributes": {
            "automount_service_account_token": true,
            "default_secret_name": "meshfed-metering-token-j5v5n",
            "id": "meshcloud/meshfed-metering",
            "image_pull_secret": [],
            "metadata": [
              {
                "annotations": {
                  "io.meshcloud/meshstack.metering-kubernetes.version": "1.0"
                },
                "generate_name": "",
                "generation": 0,
                "labels": {},
                "name": "meshfed-metering",
                "namespace": "meshcloud",
                "resource_version": "101437",
                "uid": "06f92dc9-5f3c-44a3-b77a-6d9dc31ee392"
              }
            ],
            "secret": [
              {
                "name": "meshfed-metering"
              }
            ],
            "timeouts": null
          },
          "sensitive_attributes": [],
          "private": "eyJlMmJmYjczMC1lY2FhLTExZTYtOGY4OC0zNDM2M2JjN2M0YzAiOnsiY3JlYXRlIjozMDAwMDAwMDAwMH19",
          "dependencies": [
            "kubernetes_namespace.meshcloud",
            "kubernetes_secret.meshfed_metering_secret"
          ]
        }
      ]
    },
    {
      "mode": "managed",
      "type": "kubernetes_service_account",
      "name": "meshfed_service",
      "provider": "provider[\"registry.terraform.io/hashicorp/kubernetes\"]",
      "instances": [
        {
          "schema_version": 0,
          "attributes": {
            "automount_service_account_token": true,
            "default_secret_name": "meshfed-service-token-r7b9k",
            "id": "meshcloud/meshfed-service",
            "image_pull_secret": [],
            "metadata": [
              {
                "annotations": {
                  "io.meshcloud/meshstack.replicator-kubernetes.version": "1.0"
                },
                "generate_name": "",
                "generation": 0,
                "labels": {},
                "name": "meshfed-service",
                "namespace": "meshcloud",
                "resource_version": "101438",
                "uid": "f9e737d2-7c7a-4a60-b1bb-5513b83e03ee"
              }
            ],
            "secret": [
              {
                "name": "meshfed-service"
              }
            ],
            "timeouts": null
          },
          "sensitive_attributes": [],
          "private": "eyJlMmJmYjczMC1lY2FhLTExZTYtOGY4OC0zNDM2M2JjN2M0YzAiOnsiY3JlYXRlIjozMDAwMDAwMDAwMH19",
          "dependencies": [
            "kubernetes_namespace.meshcloud",
            "kubernetes_secret.meshfed_service_secret"
          ]
        }
      ]
    }
  ],
  "check_results": []
}
