{
  "version": 4,
  "terraform_version": "1.3.3",
  "serial": 177,
  "lineage": "591c7417-2d89-ee7a-97fe-90793ddc5359",
  "outputs": {
    "kubernete_service_account_meshfed_service": {
      "value": {
        "automount_service_account_token": true,
        "default_secret_name": "meshfed-service-token-r7b9k",
        "id": "meshcloud/meshfed-service",
        "image_pull_secret": [],
        "metadata": [
          {
            "annotations": {
              "io.meshcloud/meshstack.replicator-kubernetes.version": "1.0"
            },
            "generate_name": "",
            "generation": 0,
            "labels": {},
            "name": "meshfed-service",
            "namespace": "meshcloud",
            "resource_version": "101438",
            "uid": "f9e737d2-7c7a-4a60-b1bb-5513b83e03ee"
          }
        ],
        "secret": [
          {
            "name": "meshfed-service"
          }
        ],
        "timeouts": null
      },
      "type": [
        "object",
        {
          "automount_service_account_token": "bool",
          "default_secret_name": "string",
          "id": "string",
          "image_pull_secret": [
            "set",
            [
              "object",
              {
                "name": "string"
              }
            ]
          ],
          "metadata": [
            "list",
            [
              "object",
              {
                "annotations": [
                  "map",
                  "string"
                ],
                "generate_name": "string",
                "generation": "number",
                "labels": [
                  "map",
                  "string"
                ],
                "name": "string",
                "namespace": "string",
                "resource_version": "string",
                "uid": "string"
              }
            ]
          ],
          "secret": [
            "set",
            [
              "object",
              {
                "name": "string"
              }
            ]
          ],
          "timeouts": [
            "object",
            {
              "create": "string"
            }
          ]
        }
      ]
    },
    "meshfed_service_token": {
      "value": {
        "binary_data": null,
        "data": {
          "ca.crt": "-----BEGIN CERTIFICATE-----\nMIIE6DCCAtCgAwIBAgIQT/zNPtYrE89vei/IMRqCyTANBgkqhkiG9w0BAQsFADAN\nMQswCQYDVQQDEwJjYTAgFw0yMjExMTYxNTQzMjBaGA8yMDUyMTExNjE1NTMyMFow\nDTELMAkGA1UEAxMCY2EwggIiMA0GCSqGSIb3DQEBAQUAA4ICDwAwggIKAoICAQDB\n7jPW7fd6qsB/mXryXMDhasOxom0+V7PsD6c1p0iRllelp4OswTWBa8gZZeJ+NWHx\nccZCKRrvotDUe8yFg+3ukl/PvhWTv0+eoxM594uEUAUQxNQ6n4gsmT2qcYZL0lZo\nqzZIhY6Ns5uYk5zRlr8w53fVJ+2zWTJy1t9D6D3vITp+bPefqn+STFpu2EKn9wOp\nRsWpkOCiQQiC1XipGiKbxBkDVAbdpz8d8rUX6NYAbpjy5J1YjxqDspsgBD1wwqtH\nYSBUpLryZVHJkmE+npOlS0FCqGlE73BOC9JbhOzVOpKrSdLcMCYNSqkm0D0pX2lC\nD6Eyk/OwTx2m2KEQ5VnplNewbVhADLk8ZHo3au42Z+/+wqcQxcJxHQFdLVGAcYEo\nnwejHxPt3JNywyRq/Asv75hGq6EfDoELDJ7cpGQM7+/J6BPWQcy3i/5AwFmDm2M5\nC9ZW/EG5Mi+F6ronKZU5Fz2MgaSk/Acb+Ao1iFQvRmlYDeTloeYb6CrqusAzvfdS\n7sosgWrbSn0K5UVsSV6jaJIsic7bQWW/py2LB8w95NCR8Gizqno6cNN+q4GNg/3l\nGPbo+fqIVgVWzxsaJXq7idoDVJO6N6wIxxlbXcNNi0AxhdfFiSMVoYuCNZyQK0Co\n+MRxc/3Y/O2BXRcAQEKJvlfIWfpXDRrQJ6qWGvjDLwIDAQABo0IwQDAOBgNVHQ8B\nAf8EBAMCAqQwDwYDVR0TAQH/BAUwAwEB/zAdBgNVHQ4EFgQUZRQvC/egDnx9vBhr\ncTyAQ+g2MEEwDQYJKoZIhvcNAQELBQADggIBAF2rcsCILstYhCaT3eJLEo7c61zz\nmHlaxrFxRiWOdswDVNFcP/rCW2Tukh16V3Tczt9f0zaJBzeMWE7uQwCn0IWWZSgY\nvOoIiaZtpGqF6CQjlyheMGT5fttdacoVsbVx1tJ2fs7iWVST2bmsDCtapI7Jog4a\n/Q7+kv42O/j0k1Q6qGevur14owZBepUcn6lrFUAc9GRtUUTYt4fDli3Cp2fx285W\nj2wuj8d+q1Pmp4KT9/ho5CGLDlUWLxVgamqDJvmtNz9bkxSotxnKq8TzMu+jbFYe\nvHbOJ3PLrZOthgywaE7GgClyc49StPf3cZEBD4VoZMeMqPQrz5Ni8E5B3icvkIH2\nGaFbj97kHIbQScZyI2DLI0U3+Ziwnhjtm1ctQmD7HGkK+seRU7B0UlLminkgAWyT\nC/R+Y8leObxoD9fKGsx9j3y+9DCvd5SW/lQ8j+4sTLMWSl6Bl3ct81fINkIBpbYL\n0ZkhyGkmZj5YBLhgBQvuGISaXxDh8wy0QRHCCGicbCZs5x6FIeGHTRHQ2G2UNlRq\nkXPtG1b+srZWGzfSg2JYsKwrfhuYSJOuflgnw4lKZ3Y242EH6KqaPpth27quktHi\nRri/AR6JGRWifz1kLjLs65LXEJtYO9G+5G3NEP5T6YbxjWlL4M9rCDelitNHhLsh\nfAwc4mlY8EDhYWqd\n-----END CERTIFICATE-----\n",
          "namespace": "meshcloud",
          "token": "eyJhbGciOiJSUzI1NiIsImtpZCI6IkRTWUgxTkdkWWR2Si1hZkQ5Q09TSGh0Qi01MlNzMEhpUl9Bd3lpamNFTFUifQ.eyJpc3MiOiJrdWJlcm5ldGVzL3NlcnZpY2VhY2NvdW50Iiwia3ViZXJuZXRlcy5pby9zZXJ2aWNlYWNjb3VudC9uYW1lc3BhY2UiOiJtZXNoY2xvdWQiLCJrdWJlcm5ldGVzLmlvL3NlcnZpY2VhY2NvdW50L3NlY3JldC5uYW1lIjoibWVzaGZlZC1zZXJ2aWNlLXRva2VuLXI3YjlrIiwia3ViZXJuZXRlcy5pby9zZXJ2aWNlYWNjb3VudC9zZXJ2aWNlLWFjY291bnQubmFtZSI6Im1lc2hmZWQtc2VydmljZSIsImt1YmVybmV0ZXMuaW8vc2VydmljZWFjY291bnQvc2VydmljZS1hY2NvdW50LnVpZCI6ImY5ZTczN2QyLTdjN2EtNGE2MC1iMWJiLTU1MTNiODNlMDNlZSIsInN1YiI6InN5c3RlbTpzZXJ2aWNlYWNjb3VudDptZXNoY2xvdWQ6bWVzaGZlZC1zZXJ2aWNlIn0.jyl6skBIwp83-Ceh5WJTN2wH08kGCzRWLEVWGPhYy660DwxEto70lAnAeVnHkR1Rb2I28RgwVe6YFVjjknx5Kc43a4p6kOlCpK066y1dBtYqbpoSY1-dT_n50XHi4DTMNGnk6Fna_9SIZEJjEJ3XSA9YIaBD5N_lX3um06rNiMvtmwS09bX5S84mRiHgVK7dOqerctHbZ4wZA1D5nqdQNxOtq_RMIwxS1HeVdydRwVHfA-dp525C-N1aUM1IwTz9MW3koN4fJ2umzNFQ5GX7LCxYKlNk-nCRJxi2en_Om3YSbkdtzAJdAwzhea3k5P0GPxtdWEbVzRyu5Fm8YTJ0jdFH4XCztpGfEI0gCZRmVJc940ppmQvh4KSnriYa2cci6mLslPNU4NKBEtfY5VIXIZk5EzAHRDF2Nwg9-zUYV5p87RZeCdzua9IrAE5uNxtKOxPEuUbdmd9CeTFiOrsuj4B9fzcX9G-Cn9zAtn2iQF-b3uIejp9NWRgjimj0qZ_3ynZGCOY1U4F4_H8BN4Tipvxic4xokHSH7dHg73-lO2nc6O87cB_tY52UhEY9yAjQWomjejGxz-qmosJIyok_QKn5fz_WkYvBYrx9FpQmI_Wv1XeDJ8IalRO5hhN5eQpcC1E4TX_JzfA9GxpZqEcUpX0I_fTDZqnBoMCwOxKXeak"
        },
        "id": "meshcloud/meshfed-service-token-r7b9k",
        "immutable": false,
        "metadata": [
          {
            "annotations": {},
            "generation": 0,
            "labels": {},
            "name": "meshfed-service-token-r7b9k",
            "namespace": "meshcloud",
            "resource_version": "86807",
            "uid": "0e63ffe4-fd5c-4adf-b25e-533fc9fa9795"
          }
        ],
        "type": "kubernetes.io/service-account-token"
      },
      "type": [
        "object",
        {
          "binary_data": [
            "map",
            "string"
          ],
          "data": [
            "map",
            "string"
          ],
          "id": "string",
          "immutable": "bool",
          "metadata": [
            "list",
            [
              "object",
              {
                "annotations": [
                  "map",
                  "string"
                ],
                "generation": "number",
                "labels": [
                  "map",
                  "string"
                ],
                "name": "string",
                "namespace": "string",
                "resource_version": "string",
                "uid": "string"
              }
            ]
          ],
          "type": "string"
        }
      ],
      "sensitive": true
    },
    "token": {
      "value": "eyJhbGciOiJSUzI1NiIsImtpZCI6IkRTWUgxTkdkWWR2Si1hZkQ5Q09TSGh0Qi01MlNzMEhpUl9Bd3lpamNFTFUifQ.eyJpc3MiOiJrdWJlcm5ldGVzL3NlcnZpY2VhY2NvdW50Iiwia3ViZXJuZXRlcy5pby9zZXJ2aWNlYWNjb3VudC9uYW1lc3BhY2UiOiJtZXNoY2xvdWQiLCJrdWJlcm5ldGVzLmlvL3NlcnZpY2VhY2NvdW50L3NlY3JldC5uYW1lIjoibWVzaGZlZC1zZXJ2aWNlLXRva2VuLXI3YjlrIiwia3ViZXJuZXRlcy5pby9zZXJ2aWNlYWNjb3VudC9zZXJ2aWNlLWFjY291bnQubmFtZSI6Im1lc2hmZWQtc2VydmljZSIsImt1YmVybmV0ZXMuaW8vc2VydmljZWFjY291bnQvc2VydmljZS1hY2NvdW50LnVpZCI6ImY5ZTczN2QyLTdjN2EtNGE2MC1iMWJiLTU1MTNiODNlMDNlZSIsInN1YiI6InN5c3RlbTpzZXJ2aWNlYWNjb3VudDptZXNoY2xvdWQ6bWVzaGZlZC1zZXJ2aWNlIn0.jyl6skBIwp83-Ceh5WJTN2wH08kGCzRWLEVWGPhYy660DwxEto70lAnAeVnHkR1Rb2I28RgwVe6YFVjjknx5Kc43a4p6kOlCpK066y1dBtYqbpoSY1-dT_n50XHi4DTMNGnk6Fna_9SIZEJjEJ3XSA9YIaBD5N_lX3um06rNiMvtmwS09bX5S84mRiHgVK7dOqerctHbZ4wZA1D5nqdQNxOtq_RMIwxS1HeVdydRwVHfA-dp525C-N1aUM1IwTz9MW3koN4fJ2umzNFQ5GX7LCxYKlNk-nCRJxi2en_Om3YSbkdtzAJdAwzhea3k5P0GPxtdWEbVzRyu5Fm8YTJ0jdFH4XCztpGfEI0gCZRmVJc940ppmQvh4KSnriYa2cci6mLslPNU4NKBEtfY5VIXIZk5EzAHRDF2Nwg9-zUYV5p87RZeCdzua9IrAE5uNxtKOxPEuUbdmd9CeTFiOrsuj4B9fzcX9G-Cn9zAtn2iQF-b3uIejp9NWRgjimj0qZ_3ynZGCOY1U4F4_H8BN4Tipvxic4xokHSH7dHg73-lO2nc6O87cB_tY52UhEY9yAjQWomjejGxz-qmosJIyok_QKn5fz_WkYvBYrx9FpQmI_Wv1XeDJ8IalRO5hhN5eQpcC1E4TX_JzfA9GxpZqEcUpX0I_fTDZqnBoMCwOxKXeak",
      "type": "string",
      "sensitive": true
    }
  },
  "resources": [
    {
      "mode": "data",
      "type": "kubernetes_secret",
      "name": "meshfed_service_secret",
      "provider": "provider[\"registry.terraform.io/hashicorp/kubernetes\"]",
      "instances": [
        {
          "schema_version": 0,
          "attributes": {
            "binary_data": null,
            "data": {
              "ca.crt": "-----BEGIN CERTIFICATE-----\nMIIE6DCCAtCgAwIBAgIQT/zNPtYrE89vei/IMRqCyTANBgkqhkiG9w0BAQsFADAN\nMQswCQYDVQQDEwJjYTAgFw0yMjExMTYxNTQzMjBaGA8yMDUyMTExNjE1NTMyMFow\nDTELMAkGA1UEAxMCY2EwggIiMA0GCSqGSIb3DQEBAQUAA4ICDwAwggIKAoICAQDB\n7jPW7fd6qsB/mXryXMDhasOxom0+V7PsD6c1p0iRllelp4OswTWBa8gZZeJ+NWHx\nccZCKRrvotDUe8yFg+3ukl/PvhWTv0+eoxM594uEUAUQxNQ6n4gsmT2qcYZL0lZo\nqzZIhY6Ns5uYk5zRlr8w53fVJ+2zWTJy1t9D6D3vITp+bPefqn+STFpu2EKn9wOp\nRsWpkOCiQQiC1XipGiKbxBkDVAbdpz8d8rUX6NYAbpjy5J1YjxqDspsgBD1wwqtH\nYSBUpLryZVHJkmE+npOlS0FCqGlE73BOC9JbhOzVOpKrSdLcMCYNSqkm0D0pX2lC\nD6Eyk/OwTx2m2KEQ5VnplNewbVhADLk8ZHo3au42Z+/+wqcQxcJxHQFdLVGAcYEo\nnwejHxPt3JNywyRq/Asv75hGq6EfDoELDJ7cpGQM7+/J6BPWQcy3i/5AwFmDm2M5\nC9ZW/EG5Mi+F6ronKZU5Fz2MgaSk/Acb+Ao1iFQvRmlYDeTloeYb6CrqusAzvfdS\n7sosgWrbSn0K5UVsSV6jaJIsic7bQWW/py2LB8w95NCR8Gizqno6cNN+q4GNg/3l\nGPbo+fqIVgVWzxsaJXq7idoDVJO6N6wIxxlbXcNNi0AxhdfFiSMVoYuCNZyQK0Co\n+MRxc/3Y/O2BXRcAQEKJvlfIWfpXDRrQJ6qWGvjDLwIDAQABo0IwQDAOBgNVHQ8B\nAf8EBAMCAqQwDwYDVR0TAQH/BAUwAwEB/zAdBgNVHQ4EFgQUZRQvC/egDnx9vBhr\ncTyAQ+g2MEEwDQYJKoZIhvcNAQELBQADggIBAF2rcsCILstYhCaT3eJLEo7c61zz\nmHlaxrFxRiWOdswDVNFcP/rCW2Tukh16V3Tczt9f0zaJBzeMWE7uQwCn0IWWZSgY\nvOoIiaZtpGqF6CQjlyheMGT5fttdacoVsbVx1tJ2fs7iWVST2bmsDCtapI7Jog4a\n/Q7+kv42O/j0k1Q6qGevur14owZBepUcn6lrFUAc9GRtUUTYt4fDli3Cp2fx285W\nj2wuj8d+q1Pmp4KT9/ho5CGLDlUWLxVgamqDJvmtNz9bkxSotxnKq8TzMu+jbFYe\nvHbOJ3PLrZOthgywaE7GgClyc49StPf3cZEBD4VoZMeMqPQrz5Ni8E5B3icvkIH2\nGaFbj97kHIbQScZyI2DLI0U3+Ziwnhjtm1ctQmD7HGkK+seRU7B0UlLminkgAWyT\nC/R+Y8leObxoD9fKGsx9j3y+9DCvd5SW/lQ8j+4sTLMWSl6Bl3ct81fINkIBpbYL\n0ZkhyGkmZj5YBLhgBQvuGISaXxDh8wy0QRHCCGicbCZs5x6FIeGHTRHQ2G2UNlRq\nkXPtG1b+srZWGzfSg2JYsKwrfhuYSJOuflgnw4lKZ3Y242EH6KqaPpth27quktHi\nRri/AR6JGRWifz1kLjLs65LXEJtYO9G+5G3NEP5T6YbxjWlL4M9rCDelitNHhLsh\nfAwc4mlY8EDhYWqd\n-----END CERTIFICATE-----\n",
              "namespace": "meshcloud",
              "token": "eyJhbGciOiJSUzI1NiIsImtpZCI6IkRTWUgxTkdkWWR2Si1hZkQ5Q09TSGh0Qi01MlNzMEhpUl9Bd3lpamNFTFUifQ.eyJpc3MiOiJrdWJlcm5ldGVzL3NlcnZpY2VhY2NvdW50Iiwia3ViZXJuZXRlcy5pby9zZXJ2aWNlYWNjb3VudC9uYW1lc3BhY2UiOiJtZXNoY2xvdWQiLCJrdWJlcm5ldGVzLmlvL3NlcnZpY2VhY2NvdW50L3NlY3JldC5uYW1lIjoibWVzaGZlZC1zZXJ2aWNlLXRva2VuLXI3YjlrIiwia3ViZXJuZXRlcy5pby9zZXJ2aWNlYWNjb3VudC9zZXJ2aWNlLWFjY291bnQubmFtZSI6Im1lc2hmZWQtc2VydmljZSIsImt1YmVybmV0ZXMuaW8vc2VydmljZWFjY291bnQvc2VydmljZS1hY2NvdW50LnVpZCI6ImY5ZTczN2QyLTdjN2EtNGE2MC1iMWJiLTU1MTNiODNlMDNlZSIsInN1YiI6InN5c3RlbTpzZXJ2aWNlYWNjb3VudDptZXNoY2xvdWQ6bWVzaGZlZC1zZXJ2aWNlIn0.jyl6skBIwp83-Ceh5WJTN2wH08kGCzRWLEVWGPhYy660DwxEto70lAnAeVnHkR1Rb2I28RgwVe6YFVjjknx5Kc43a4p6kOlCpK066y1dBtYqbpoSY1-dT_n50XHi4DTMNGnk6Fna_9SIZEJjEJ3XSA9YIaBD5N_lX3um06rNiMvtmwS09bX5S84mRiHgVK7dOqerctHbZ4wZA1D5nqdQNxOtq_RMIwxS1HeVdydRwVHfA-dp525C-N1aUM1IwTz9MW3koN4fJ2umzNFQ5GX7LCxYKlNk-nCRJxi2en_Om3YSbkdtzAJdAwzhea3k5P0GPxtdWEbVzRyu5Fm8YTJ0jdFH4XCztpGfEI0gCZRmVJc940ppmQvh4KSnriYa2cci6mLslPNU4NKBEtfY5VIXIZk5EzAHRDF2Nwg9-zUYV5p87RZeCdzua9IrAE5uNxtKOxPEuUbdmd9CeTFiOrsuj4B9fzcX9G-Cn9zAtn2iQF-b3uIejp9NWRgjimj0qZ_3ynZGCOY1U4F4_H8BN4Tipvxic4xokHSH7dHg73-lO2nc6O87cB_tY52UhEY9yAjQWomjejGxz-qmosJIyok_QKn5fz_WkYvBYrx9FpQmI_Wv1XeDJ8IalRO5hhN5eQpcC1E4TX_JzfA9GxpZqEcUpX0I_fTDZqnBoMCwOxKXeak"
            },
            "id": "meshcloud/meshfed-service-token-r7b9k",
            "immutable": false,
            "metadata": [
              {
                "annotations": {},
                "generation": 0,
                "labels": {},
                "name": "meshfed-service-token-r7b9k",
                "namespace": "meshcloud",
                "resource_version": "86807",
                "uid": "0e63ffe4-fd5c-4adf-b25e-533fc9fa9795"
              }
            ],
            "type": "kubernetes.io/service-account-token"
          },
          "sensitive_attributes": []
        }
      ]
    },
    {
      "mode": "data",
      "type": "kubernetes_service_account",
      "name": "meshfed_service",
      "provider": "provider[\"registry.terraform.io/hashicorp/kubernetes\"]",
      "instances": [
        {
          "schema_version": 0,
          "attributes": {
            "automount_service_account_token": true,
            "default_secret_name": "meshfed-service-token-r7b9k",
            "id": "meshcloud/meshfed-service",
            "image_pull_secret": [],
            "metadata": [
              {
                "annotations": {
                  "io.meshcloud/meshstack.replicator-kubernetes.version": "1.0"
                },
                "generation": 0,
                "labels": {},
                "name": "meshfed-service",
                "namespace": "meshcloud",
                "resource_version": "101438",
                "uid": "f9e737d2-7c7a-4a60-b1bb-5513b83e03ee"
              }
            ],
            "secret": [
              {
                "name": "meshfed-service"
              }
            ]
          },
          "sensitive_attributes": []
        }
      ]
    },
    {
      "mode": "managed",
      "type": "kubernetes_cluster_role",
      "name": "meshfed-metering",
      "provider": "provider[\"registry.terraform.io/hashicorp/kubernetes\"]",
      "instances": [
        {
          "schema_version": 0,
          "attributes": {
            "aggregation_rule": [],
            "id": "meshfed-metering",
            "metadata": [
              {
                "annotations": {
                  "io.meshcloud/meshstack.metering-kubernetes.version": "1.0"
                },
                "generation": 0,
                "labels": {},
                "name": "meshfed-metering",
                "resource_version": "11663",
                "uid": "ed5bdf1d-72e5-4fc6-844b-2b98e213ec9c"
              }
            ],
            "rule": [
              {
                "api_groups": [
                  ""
                ],
                "non_resource_urls": [],
                "resource_names": [],
                "resources": [
                  "pods",
                  "persistentvolumeclaims"
                ],
                "verbs": [
                  "get",
                  "list"
                ]
              }
            ]
          },
          "sensitive_attributes": [],
          "private": "bnVsbA=="
        }
      ]
    },
    {
      "mode": "managed",
      "type": "kubernetes_cluster_role",
      "name": "meshfed-service",
      "provider": "provider[\"registry.terraform.io/hashicorp/kubernetes\"]",
      "instances": [
        {
          "schema_version": 0,
          "attributes": {
            "aggregation_rule": [],
            "id": "meshfed-service",
            "metadata": [
              {
                "annotations": {
                  "io.meshcloud/meshstack.replicator-kubernetes.version": "1.0"
                },
                "generation": 0,
                "labels": {},
                "name": "meshfed-service",
                "resource_version": "17461",
                "uid": "44d5354e-3a81-4999-9594-a01d2a1e23bd"
              }
            ],
            "rule": [
              {
                "api_groups": [
                  ""
                ],
                "non_resource_urls": [],
                "resource_names": [],
                "resources": [
                  "namespaces"
                ],
                "verbs": [
                  "get",
                  "list",
                  "watch",
                  "create",
                  "delete",
                  "update"
                ]
              },
              {
                "api_groups": [
                  ""
                ],
                "non_resource_urls": [],
                "resource_names": [],
                "resources": [
                  "resourcequotas",
                  "resourcequotas/status"
                ],
                "verbs": [
                  "get",
                  "list",
                  "watch",
                  "create",
                  "delete",
                  "deletecollection",
                  "patch",
                  "update"
                ]
              },
              {
                "api_groups": [
                  ""
                ],
                "non_resource_urls": [],
                "resource_names": [],
                "resources": [
                  "appliedclusterresourcequotas",
                  "clusterresourcequotas",
                  "clusterresourcequotas/status"
                ],
                "verbs": [
                  "get",
                  "list",
                  "watch",
                  "create",
                  "delete",
                  "deletecollection",
                  "patch",
                  "update"
                ]
              },
              {
                "api_groups": [
                  "",
                  "rbac.authorization.k8s.io"
                ],
                "non_resource_urls": [],
                "resource_names": [],
                "resources": [
                  "roles",
                  "rolebindings",
                  "clusterroles",
                  "clusterrolebindings"
                ],
                "verbs": [
                  "get",
                  "list",
                  "watch"
                ]
              },
              {
                "api_groups": [
                  "",
                  "rbac.authorization.k8s.io"
                ],
                "non_resource_urls": [],
                "resource_names": [],
                "resources": [
                  "rolebindings"
                ],
                "verbs": [
                  "create",
                  "delete",
                  "update"
                ]
              },
              {
                "api_groups": [
                  "",
                  "rbac.authorization.k8s.io"
                ],
                "non_resource_urls": [],
                "resource_names": [
                  "admin",
                  "edit",
                  "view"
                ],
                "resources": [
                  "clusterroles"
                ],
                "verbs": [
                  "bind"
                ]
              }
            ]
          },
          "sensitive_attributes": [],
          "private": "bnVsbA=="
        }
      ]
    },
    {
      "mode": "managed",
      "type": "kubernetes_namespace",
      "name": "meshcloud",
      "provider": "provider[\"registry.terraform.io/hashicorp/kubernetes\"]",
      "instances": [
        {
          "schema_version": 0,
          "attributes": {
            "id": "meshcloud",
            "metadata": [
              {
                "annotations": {},
                "generate_name": "",
                "generation": 0,
                "labels": {},
                "name": "meshcloud",
                "resource_version": "11664",
                "uid": "4cdb2d9a-c2cd-426f-bfd5-03c48c29a236"
              }
            ],
            "timeouts": null
          },
          "sensitive_attributes": [],
          "private": "eyJlMmJmYjczMC1lY2FhLTExZTYtOGY4OC0zNDM2M2JjN2M0YzAiOnsiZGVsZXRlIjozMDAwMDAwMDAwMDB9fQ=="
        }
      ]
    },
    {
      "mode": "managed",
      "type": "kubernetes_secret",
      "name": "meshfed_metering_secret",
      "provider": "provider[\"registry.terraform.io/hashicorp/kubernetes\"]",
      "instances": [
        {
          "schema_version": 0,
          "attributes": {
            "binary_data": null,
            "data": {},
            "id": "default/meshfed-metering",
            "immutable": false,
            "metadata": [
              {
                "annotations": {},
                "generate_name": "",
                "generation": 0,
                "labels": {},
                "name": "meshfed-metering",
                "namespace": "default",
                "resource_version": "101434",
                "uid": "8f7f7d5a-1ae4-47dc-a18d-d56815845acc"
              }
            ],
            "timeouts": null,
            "type": "Opaque",
            "wait_for_service_account_token": true
          },
          "sensitive_attributes": [],
          "private": "eyJlMmJmYjczMC1lY2FhLTExZTYtOGY4OC0zNDM2M2JjN2M0YzAiOnsiY3JlYXRlIjo2MDAwMDAwMDAwMH19"
        }
      ]
    },
    {
      "mode": "managed",
      "type": "kubernetes_secret",
      "name": "meshfed_service_secret",
      "provider": "provider[\"registry.terraform.io/hashicorp/kubernetes\"]",
      "instances": [
        {
          "schema_version": 0,
          "attributes": {
            "binary_data": null,
            "data": {},
            "id": "default/meshfed-service",
            "immutable": false,
            "metadata": [
              {
                "annotations": {},
                "generate_name": "",
                "generation": 0,
                "labels": {},
                "name": "meshfed-service",
                "namespace": "default",
                "resource_version": "101435",
                "uid": "7cee23d7-1743-4b8d-9c2a-0bb0b1b2fb5a"
              }
            ],
            "timeouts": null,
            "type": "Opaque",
            "wait_for_service_account_token": true
          },
          "sensitive_attributes": [],
          "private": "eyJlMmJmYjczMC1lY2FhLTExZTYtOGY4OC0zNDM2M2JjN2M0YzAiOnsiY3JlYXRlIjo2MDAwMDAwMDAwMH19"
        }
      ]
    },
    {
      "mode": "managed",
      "type": "kubernetes_service_account",
      "name": "meshfed_metering",
      "provider": "provider[\"registry.terraform.io/hashicorp/kubernetes\"]",
      "instances": [
        {
          "schema_version": 0,
          "attributes": {
            "automount_service_account_token": true,
            "default_secret_name": "meshfed-metering-token-j5v5n",
            "id": "meshcloud/meshfed-metering",
            "image_pull_secret": [],
            "metadata": [
              {
                "annotations": {
                  "io.meshcloud/meshstack.metering-kubernetes.version": "1.0"
                },
                "generate_name": "",
                "generation": 0,
                "labels": {},
                "name": "meshfed-metering",
                "namespace": "meshcloud",
                "resource_version": "101437",
                "uid": "06f92dc9-5f3c-44a3-b77a-6d9dc31ee392"
              }
            ],
            "secret": [
              {
                "name": "meshfed-metering"
              }
            ],
            "timeouts": null
          },
          "sensitive_attributes": [],
          "private": "eyJlMmJmYjczMC1lY2FhLTExZTYtOGY4OC0zNDM2M2JjN2M0YzAiOnsiY3JlYXRlIjozMDAwMDAwMDAwMH19",
          "dependencies": [
            "kubernetes_namespace.meshcloud",
            "kubernetes_secret.meshfed_metering_secret"
          ]
        }
      ]
    },
    {
      "mode": "managed",
      "type": "kubernetes_service_account",
      "name": "meshfed_service",
      "provider": "provider[\"registry.terraform.io/hashicorp/kubernetes\"]",
      "instances": [
        {
          "schema_version": 0,
          "attributes": {
            "automount_service_account_token": true,
            "default_secret_name": "meshfed-service-token-r7b9k",
            "id": "meshcloud/meshfed-service",
            "image_pull_secret": [],
            "metadata": [
              {
                "annotations": {
                  "io.meshcloud/meshstack.replicator-kubernetes.version": "1.0"
                },
                "generate_name": "",
                "generation": 0,
                "labels": {},
                "name": "meshfed-service",
                "namespace": "meshcloud",
                "resource_version": "101438",
                "uid": "f9e737d2-7c7a-4a60-b1bb-5513b83e03ee"
              }
            ],
            "secret": [
              {
                "name": "meshfed-service"
              }
            ],
            "timeouts": null
          },
          "sensitive_attributes": [],
          "private": "eyJlMmJmYjczMC1lY2FhLTExZTYtOGY4OC0zNDM2M2JjN2M0YzAiOnsiY3JlYXRlIjozMDAwMDAwMDAwMH19",
          "dependencies": [
            "kubernetes_namespace.meshcloud",
            "kubernetes_secret.meshfed_service_secret"
          ]
        }
      ]
    }
  ],
  "check_results": []
}
